
Microsoft Visual Studio Solution File, Format Version 12.00
# Visual Studio Version 17
VisualStudioVersion = 17.13.35931.197 d17.13
MinimumVisualStudioVersion = 10.0.40219.1
Project("{FAE04EC0-301F-11D3-BF4B-00C04F79EFBC}") = "calculator", "calculator\calculator.csproj", "{AD83F7E6-B371-45B7-93F0-C6D9B6B74571}"
EndProject
Global
	GlobalSection(SolutionConfigurationPlatforms) = preSolution
		Debug|Any CPU = Debug|Any CPU
		Release|Any CPU = Release|Any CPU
	EndGlobalSection
	GlobalSection(ProjectConfigurationPlatforms) = postSolution
		{AD83F7E6-B371-45B7-93F0-C6D9B6B74571}.Debug|Any CPU.ActiveCfg = Debug|Any CPU
		{AD83F7E6-B371-45B7-93F0-C6D9B6B74571}.Debug|Any CPU.Build.0 = Debug|Any CPU
		{AD83F7E6-B371-45B7-93F0-C6D9B6B74571}.Release|Any CPU.ActiveCfg = Release|Any CPU
		{AD83F7E6-B371-45B7-93F0-C6D9B6B74571}.Release|Any CPU.Build.0 = Release|Any CPU
	EndGlobalSection
	GlobalSection(SolutionProperties) = preSolution
		HideSolutionNode = FALSE
	EndGlobalSection
	GlobalSection(ExtensibilityGlobals) = postSolution
		SolutionGuid = {6F213065-9337-463B-A149-4A83809D84A2}
	EndGlobalSection
EndGlobal
